
Microsoft Visual Studio Solution File, Format Version 12.00
# Visual Studio 15
VisualStudioVersion = 15.0.26206.0
MinimumVisualStudioVersion = 10.0.40219.1
Project("{FAE04EC0-301F-11D3-BF4B-00C04F79EFBC}") = "WarDragons", "WarDragons\WarDragons.csproj", "{424CBF7B-B068-4E84-A1B9-9642BA90BEB3}"
EndProject
Project("{FAE04EC0-301F-11D3-BF4B-00C04F79EFBC}") = "WarDragons.Tests", "WarDragons.Tests\WarDragons.Tests.csproj", "{EE97E37E-4D49-4878-B216-668E278311D4}"
EndProject
Global
	GlobalSection(SolutionConfigurationPlatforms) = preSolution
		Debug|Any CPU = Debug|Any CPU
		Release|Any CPU = Release|Any CPU
	EndGlobalSection
	GlobalSection(ProjectConfigurationPlatforms) = postSolution
		{424CBF7B-B068-4E84-A1B9-9642BA90BEB3}.Debug|Any CPU.ActiveCfg = Debug|Any CPU
		{424CBF7B-B068-4E84-A1B9-9642BA90BEB3}.Debug|Any CPU.Build.0 = Debug|Any CPU
		{424CBF7B-B068-4E84-A1B9-9642BA90BEB3}.Release|Any CPU.ActiveCfg = Release|Any CPU
		{424CBF7B-B068-4E84-A1B9-9642BA90BEB3}.Release|Any CPU.Build.0 = Release|Any CPU
		{EE97E37E-4D49-4878-B216-668E278311D4}.Debug|Any CPU.ActiveCfg = Debug|Any CPU
		{EE97E37E-4D49-4878-B216-668E278311D4}.Debug|Any CPU.Build.0 = Debug|Any CPU
		{EE97E37E-4D49-4878-B216-668E278311D4}.Release|Any CPU.ActiveCfg = Release|Any CPU
		{EE97E37E-4D49-4878-B216-668E278311D4}.Release|Any CPU.Build.0 = Release|Any CPU
	EndGlobalSection
	GlobalSection(SolutionProperties) = preSolution
		HideSolutionNode = FALSE
	EndGlobalSection
EndGlobal
